
Microsoft Visual Studio Solution File, Format Version 12.00
# Visual Studio Version 16
VisualStudioVersion = 25.0.1706.2
MinimumVisualStudioVersion = 10.0.40219.1
Project("{FAE04EC0-301F-11D3-BF4B-00C04F79EFBC}") = "todosAPI", "todosAPI\todosAPI.csproj", "{410BE82D-37CB-423D-8832-FD384037688A}"
EndProject
Global
	GlobalSection(SolutionConfigurationPlatforms) = preSolution
		Debug|Any CPU = Debug|Any CPU
		Release|Any CPU = Release|Any CPU
	EndGlobalSection
	GlobalSection(ProjectConfigurationPlatforms) = postSolution
		{410BE82D-37CB-423D-8832-FD384037688A}.Debug|Any CPU.ActiveCfg = Debug|Any CPU
		{410BE82D-37CB-423D-8832-FD384037688A}.Debug|Any CPU.Build.0 = Debug|Any CPU
		{410BE82D-37CB-423D-8832-FD384037688A}.Release|Any CPU.ActiveCfg = Release|Any CPU
		{410BE82D-37CB-423D-8832-FD384037688A}.Release|Any CPU.Build.0 = Release|Any CPU
	EndGlobalSection
	GlobalSection(SolutionProperties) = preSolution
		HideSolutionNode = FALSE
	EndGlobalSection
	GlobalSection(ExtensibilityGlobals) = postSolution
		SolutionGuid = {6EA9D359-57B3-4D8B-A5FD-10E0CB4E2660}
	EndGlobalSection
EndGlobal
